// !$*UTF8*$!
{
	archiveVersion = 1;
	classes = {
	};
	objectVersion = 77;
	objects = {

/* Begin PBXBuildFile section */
		1E6B1E82231ED285186C9F10 /* Assets.xcassets in Resources */ = {isa = PBXBuildFile; fileRef = 00943BA6BE2E0241F020889F /* Assets.xcassets */; };
		37B5904296F27A6DDFA71484 /* AppDelegate.swift in Sources */ = {isa = PBXBuildFile; fileRef = F84C1D19B676D7706AD86CAA /* AppDelegate.swift */; };
		6A9A7B0EE0A78E5EDAC4C9FE /* Strings.swift in Sources */ = {isa = PBXBuildFile; fileRef = 7B9D0AD6E6A15A5B701A2973 /* Strings.swift */; };
		CAD0AEDE9913427C7B0989F6 /* ContentView.swift in Sources */ = {isa = PBXBuildFile; fileRef = A9E2C2D7D5948FEBF9E1CD01 /* ContentView.swift */; };
		E75F9A13F0EE7E6E1E477D46 /* TimerManager.swift in Sources */ = {isa = PBXBuildFile; fileRef = 6EB29C0F399C7BDB1BFB34B0 /* TimerManager.swift */; };
		F375238898522F616B190064 /* main.swift in Sources */ = {isa = PBXBuildFile; fileRef = 3C01BEE8AFCC7218618F48EF /* main.swift */; };
/* End PBXBuildFile section */

/* Begin PBXFileReference section */
		00943BA6BE2E0241F020889F /* Assets.xcassets */ = {isa = PBXFileReference; lastKnownFileType = folder.assetcatalog; path = Assets.xcassets; sourceTree = "<group>"; };
		3C01BEE8AFCC7218618F48EF /* main.swift */ = {isa = PBXFileReference; lastKnownFileType = sourcecode.swift; path = main.swift; sourceTree = "<group>"; };
		6EB29C0F399C7BDB1BFB34B0 /* TimerManager.swift */ = {isa = PBXFileReference; lastKnownFileType = sourcecode.swift; path = TimerManager.swift; sourceTree = "<group>"; };
		7B9D0AD6E6A15A5B701A2973 /* Strings.swift */ = {isa = PBXFileReference; lastKnownFileType = sourcecode.swift; path = Strings.swift; sourceTree = "<group>"; };
		9D679677858AC2AF1212E80D /* Easy Sleep & Shutdown.app */ = {isa = PBXFileReference; explicitFileType = wrapper.application; includeInIndex = 0; path = "Easy Sleep & Shutdown.app"; sourceTree = BUILT_PRODUCTS_DIR; };
		A9E2C2D7D5948FEBF9E1CD01 /* ContentView.swift */ = {isa = PBXFileReference; lastKnownFileType = sourcecode.swift; path = ContentView.swift; sourceTree = "<group>"; };
		F84C1D19B676D7706AD86CAA /* AppDelegate.swift */ = {isa = PBXFileReference; lastKnownFileType = sourcecode.swift; path = AppDelegate.swift; sourceTree = "<group>"; };
/* End PBXFileReference section */

/* Begin PBXGroup section */
		19D7176334C0A713F51C37FF /* Products */ = {
			isa = PBXGroup;
			children = (
				9D679677858AC2AF1212E80D /* Easy Sleep & Shutdown.app */,
			);
			name = Products;
			sourceTree = "<group>";
		};
		2E38B5CAB8F85308712BFE16 /* Sources */ = {
			isa = PBXGroup;
			children = (
				70FC5B42F13722A9069635FA /* EasySleepShutdown */,
			);
			path = Sources;
			sourceTree = "<group>";
		};
		70FC5B42F13722A9069635FA /* EasySleepShutdown */ = {
			isa = PBXGroup;
			children = (
				F84C1D19B676D7706AD86CAA /* AppDelegate.swift */,
				00943BA6BE2E0241F020889F /* Assets.xcassets */,
				A9E2C2D7D5948FEBF9E1CD01 /* ContentView.swift */,
				3C01BEE8AFCC7218618F48EF /* main.swift */,
				7B9D0AD6E6A15A5B701A2973 /* Strings.swift */,
				6EB29C0F399C7BDB1BFB34B0 /* TimerManager.swift */,
			);
			path = EasySleepShutdown;
			sourceTree = "<group>";
		};
		C0147AE59E06F546FB441559 = {
			isa = PBXGroup;
			children = (
				2E38B5CAB8F85308712BFE16 /* Sources */,
				19D7176334C0A713F51C37FF /* Products */,
			);
			sourceTree = "<group>";
		};
/* End PBXGroup section */

/* Begin PBXNativeTarget section */
		3E7DC6E5A603538BBE5A0B54 /* EasySleepShutdown */ = {
			isa = PBXNativeTarget;
			buildConfigurationList = 86AACDD4AEE357522AAF56C5 /* Build configuration list for PBXNativeTarget "EasySleepShutdown" */;
			buildPhases = (
				BC641E7902B99E7DB780DD3D /* Sources */,
				312878946343149F80596BF9 /* Resources */,
			);
			buildRules = (
			);
			dependencies = (
			);
			name = EasySleepShutdown;
			packageProductDependencies = (
			);
			productName = EasySleepShutdown;
			productReference = 9D679677858AC2AF1212E80D /* Easy Sleep & Shutdown.app */;
			productType = "com.apple.product-type.application";
		};
/* End PBXNativeTarget section */

/* Begin PBXProject section */
		7EC03B6E0FD62B1E5CA764BC /* Project object */ = {
			isa = PBXProject;
			attributes = {
				BuildIndependentTargetsInParallel = YES;
				LastUpgradeCheck = 2630;
				TargetAttributes = {
					3E7DC6E5A603538BBE5A0B54 = {
						ProvisioningStyle = Automatic;
					};
				};
			};
			buildConfigurationList = 0BAD7924D3A39707A672356C /* Build configuration list for PBXProject "EasySleepAndShutdown" */;
			developmentRegion = en;
			hasScannedForEncodings = 0;
			knownRegions = (
				Base,
				en,
			);
			mainGroup = C0147AE59E06F546FB441559;
			minimizedProjectReferenceProxies = 1;
			preferredProjectObjectVersion = 77;
			productRefGroup = 19D7176334C0A713F51C37FF /* Products */;
			projectDirPath = "";
			projectRoot = "";
			targets = (
				3E7DC6E5A603538BBE5A0B54 /* EasySleepShutdown */,
			);
		};
/* End PBXProject section */

/* Begin PBXResourcesBuildPhase section */
		312878946343149F80596BF9 /* Resources */ = {
			isa = PBXResourcesBuildPhase;
			buildActionMask = 2147483647;
			files = (
				1E6B1E82231ED285186C9F10 /* Assets.xcassets in Resources */,
			);
			runOnlyForDeploymentPostprocessing = 0;
		};
/* End PBXResourcesBuildPhase section */

/* Begin PBXSourcesBuildPhase section */
		BC641E7902B99E7DB780DD3D /* Sources */ = {
			isa = PBXSourcesBuildPhase;
			buildActionMask = 2147483647;
			files = (
				37B5904296F27A6DDFA71484 /* AppDelegate.swift in Sources */,
				CAD0AEDE9913427C7B0989F6 /* ContentView.swift in Sources */,
				6A9A7B0EE0A78E5EDAC4C9FE /* Strings.swift in Sources */,
				E75F9A13F0EE7E6E1E477D46 /* TimerManager.swift in Sources */,
				F375238898522F616B190064 /* main.swift in Sources */,
			);
			runOnlyForDeploymentPostprocessing = 0;
		};
/* End PBXSourcesBuildPhase section */

/* Begin XCBuildConfiguration section */
		3A40C967E7B554312CAE729C /* Release */ = {
			isa = XCBuildConfiguration;
			buildSettings = {
				ALWAYS_SEARCH_USER_PATHS = NO;
				ASSETCATALOG_COMPILER_APPICON_NAME = AppIcon;
				CLANG_ANALYZER_NONNULL = YES;
				CLANG_ANALYZER_NUMBER_OBJECT_CONVERSION = YES_AGGRESSIVE;
				CLANG_CXX_LANGUAGE_STANDARD = "gnu++14";
				CLANG_CXX_LIBRARY = "libc++";
				CLANG_ENABLE_MODULES = YES;
				CLANG_ENABLE_OBJC_ARC = YES;
				CLANG_ENABLE_OBJC_WEAK = YES;
				CLANG_WARN_BLOCK_CAPTURE_AUTORELEASING = YES;
				CLANG_WARN_BOOL_CONVERSION = YES;
				CLANG_WARN_COMMA = YES;
				CLANG_WARN_CONSTANT_CONVERSION = YES;
				CLANG_WARN_DEPRECATED_OBJC_IMPLEMENTATIONS = YES;
				CLANG_WARN_DIRECT_OBJC_ISA_USAGE = YES_ERROR;
				CLANG_WARN_DOCUMENTATION_COMMENTS = YES;
				CLANG_WARN_EMPTY_BODY = YES;
				CLANG_WARN_ENUM_CONVERSION = YES;
				CLANG_WARN_INFINITE_RECURSION = YES;
				CLANG_WARN_INT_CONVERSION = YES;
				CLANG_WARN_NON_LITERAL_NULL_CONVERSION = YES;
				CLANG_WARN_OBJC_IMPLICIT_RETAIN_SELF = YES;
				CLANG_WARN_OBJC_LITERAL_CONVERSION = YES;
				CLANG_WARN_OBJC_ROOT_CLASS = YES_ERROR;
				CLANG_WARN_QUOTED_INCLUDE_IN_FRAMEWORK_HEADER = YES;
				CLANG_WARN_RANGE_LOOP_ANALYSIS = YES;
				CLANG_WARN_STRICT_PROTOTYPES = YES;
				CLANG_WARN_SUSPICIOUS_MOVE = YES;
				CLANG_WARN_UNGUARDED_AVAILABILITY = YES_AGGRESSIVE;
				CLANG_WARN_UNREACHABLE_CODE = YES;
				CLANG_WARN__DUPLICATE_METHOD_MATCH = YES;
				CODE_SIGN_ENTITLEMENTS = EasySleepShutdown.entitlements;
				CODE_SIGN_STYLE = Automatic;
				COPY_PHASE_STRIP = NO;
				CURRENT_PROJECT_VERSION = 1;
				DEAD_CODE_STRIPPING = YES;
				DEBUG_INFORMATION_FORMAT = "dwarf-with-dsym";
				DEVELOPMENT_TEAM = 7B8JYS7JC8;
				ENABLE_APP_SANDBOX = YES;
				ENABLE_NS_ASSERTIONS = NO;
				ENABLE_STRICT_OBJC_MSGSEND = YES;
				ENABLE_USER_SCRIPT_SANDBOXING = YES;
				GCC_C_LANGUAGE_STANDARD = gnu11;
				GCC_NO_COMMON_BLOCKS = YES;
				GCC_WARN_64_TO_32_BIT_CONVERSION = YES;
				GCC_WARN_ABOUT_RETURN_TYPE = YES_ERROR;
				GCC_WARN_UNDECLARED_SELECTOR = YES;
				GCC_WARN_UNINITIALIZED_AUTOS = YES_AGGRESSIVE;
				GCC_WARN_UNUSED_FUNCTION = YES;
				GCC_WARN_UNUSED_VARIABLE = YES;
				GENERATE_INFOPLIST_FILE = NO;
				INFOPLIST_FILE = Resources/Info.plist;
				MACOSX_DEPLOYMENT_TARGET = 12.0;
				MARKETING_VERSION = 1.0.0;
				MTL_ENABLE_DEBUG_INFO = NO;
				MTL_FAST_MATH = YES;
				PRODUCT_BUNDLE_IDENTIFIER = com.easysleepshutdown.app;
				PRODUCT_NAME = "Easy Sleep & Shutdown";
				SDKROOT = macosx;
				STRING_CATALOG_GENERATE_SYMBOLS = YES;
				SWIFT_COMPILATION_MODE = wholemodule;
				SWIFT_OPTIMIZATION_LEVEL = "-O";
				SWIFT_VERSION = 5.7;
			};
			name = Release;
		};
		3F1B0C934C758A0BE273893A /* Debug */ = {
			isa = XCBuildConfiguration;
			buildSettings = {
				ALWAYS_SEARCH_USER_PATHS = NO;
				ASSETCATALOG_COMPILER_APPICON_NAME = AppIcon;
				CLANG_ANALYZER_NONNULL = YES;
				CLANG_ANALYZER_NUMBER_OBJECT_CONVERSION = YES_AGGRESSIVE;
				CLANG_CXX_LANGUAGE_STANDARD = "gnu++14";
				CLANG_CXX_LIBRARY = "libc++";
				CLANG_ENABLE_MODULES = YES;
				CLANG_ENABLE_OBJC_ARC = YES;
				CLANG_ENABLE_OBJC_WEAK = YES;
				CLANG_WARN_BLOCK_CAPTURE_AUTORELEASING = YES;
				CLANG_WARN_BOOL_CONVERSION = YES;
				CLANG_WARN_COMMA = YES;
				CLANG_WARN_CONSTANT_CONVERSION = YES;
				CLANG_WARN_DEPRECATED_OBJC_IMPLEMENTATIONS = YES;
				CLANG_WARN_DIRECT_OBJC_ISA_USAGE = YES_ERROR;
				CLANG_WARN_DOCUMENTATION_COMMENTS = YES;
				CLANG_WARN_EMPTY_BODY = YES;
				CLANG_WARN_ENUM_CONVERSION = YES;
				CLANG_WARN_INFINITE_RECURSION = YES;
				CLANG_WARN_INT_CONVERSION = YES;
				CLANG_WARN_NON_LITERAL_NULL_CONVERSION = YES;
				CLANG_WARN_OBJC_IMPLICIT_RETAIN_SELF = YES;
				CLANG_WARN_OBJC_LITERAL_CONVERSION = YES;
				CLANG_WARN_OBJC_ROOT_CLASS = YES_ERROR;
				CLANG_WARN_QUOTED_INCLUDE_IN_FRAMEWORK_HEADER = YES;
				CLANG_WARN_RANGE_LOOP_ANALYSIS = YES;
				CLANG_WARN_STRICT_PROTOTYPES = YES;
				CLANG_WARN_SUSPICIOUS_MOVE = YES;
				CLANG_WARN_UNGUARDED_AVAILABILITY = YES_AGGRESSIVE;
				CLANG_WARN_UNREACHABLE_CODE = YES;
				CLANG_WARN__DUPLICATE_METHOD_MATCH = YES;
				CODE_SIGN_ENTITLEMENTS = EasySleepShutdown.entitlements;
				CODE_SIGN_STYLE = Automatic;
				COPY_PHASE_STRIP = NO;
				CURRENT_PROJECT_VERSION = 1;
				DEAD_CODE_STRIPPING = YES;
				DEBUG_INFORMATION_FORMAT = dwarf;
				DEVELOPMENT_TEAM = 7B8JYS7JC8;
				ENABLE_APP_SANDBOX = YES;
				ENABLE_STRICT_OBJC_MSGSEND = YES;
				ENABLE_TESTABILITY = YES;
				ENABLE_USER_SCRIPT_SANDBOXING = YES;
				GCC_C_LANGUAGE_STANDARD = gnu11;
				GCC_DYNAMIC_NO_PIC = NO;
				GCC_NO_COMMON_BLOCKS = YES;
				GCC_OPTIMIZATION_LEVEL = 0;
				GCC_PREPROCESSOR_DEFINITIONS = (
					"$(inherited)",
					"DEBUG=1",
				);
				GCC_WARN_64_TO_32_BIT_CONVERSION = YES;
				GCC_WARN_ABOUT_RETURN_TYPE = YES_ERROR;
				GCC_WARN_UNDECLARED_SELECTOR = YES;
				GCC_WARN_UNINITIALIZED_AUTOS = YES_AGGRESSIVE;
				GCC_WARN_UNUSED_FUNCTION = YES;
				GCC_WARN_UNUSED_VARIABLE = YES;
				GENERATE_INFOPLIST_FILE = NO;
				INFOPLIST_FILE = Resources/Info.plist;
				MACOSX_DEPLOYMENT_TARGET = 12.0;
				MARKETING_VERSION = 1.0.0;
				MTL_ENABLE_DEBUG_INFO = INCLUDE_SOURCE;
				MTL_FAST_MATH = YES;
				ONLY_ACTIVE_ARCH = YES;
				PRODUCT_BUNDLE_IDENTIFIER = com.easysleepshutdown.app;
				PRODUCT_NAME = "Easy Sleep & Shutdown";
				SDKROOT = macosx;
				STRING_CATALOG_GENERATE_SYMBOLS = YES;
				SWIFT_ACTIVE_COMPILATION_CONDITIONS = DEBUG;
				SWIFT_OPTIMIZATION_LEVEL = "-Onone";
				SWIFT_VERSION = 5.7;
			};
			name = Debug;
		};
		B67EEDBC3D3FB421EF4C5529 /* Release */ = {
			isa = XCBuildConfiguration;
			buildSettings = {
				ASSETCATALOG_COMPILER_APPICON_NAME = AppIcon;
				CODE_SIGN_ENTITLEMENTS = EasySleepShutdown.entitlements;
				"CODE_SIGN_IDENTITY[sdk=macosx*]" = "Apple Development";
				COMBINE_HIDPI_IMAGES = YES;
				DEAD_CODE_STRIPPING = YES;
				DEVELOPMENT_TEAM = 7B8JYS7JC8;
				EXECUTABLE_NAME = EasySleepShutdown;
				INFOPLIST_FILE = Resources/Info.plist;
				LD_RUNPATH_SEARCH_PATHS = (
					"$(inherited)",
					"@executable_path/../Frameworks",
				);
				PRODUCT_MODULE_NAME = EasySleepShutdown;
				SDKROOT = macosx;
			};
			name = Release;
		};
		C890995F46DB31AD05BDCAEB /* Debug */ = {
			isa = XCBuildConfiguration;
			buildSettings = {
				ASSETCATALOG_COMPILER_APPICON_NAME = AppIcon;
				CODE_SIGN_ENTITLEMENTS = EasySleepShutdown.entitlements;
				"CODE_SIGN_IDENTITY[sdk=macosx*]" = "Apple Development";
				COMBINE_HIDPI_IMAGES = YES;
				DEAD_CODE_STRIPPING = YES;
				DEVELOPMENT_TEAM = 7B8JYS7JC8;
				EXECUTABLE_NAME = EasySleepShutdown;
				INFOPLIST_FILE = Resources/Info.plist;
				LD_RUNPATH_SEARCH_PATHS = (
					"$(inherited)",
					"@executable_path/../Frameworks",
				);
				PRODUCT_MODULE_NAME = EasySleepShutdown;
				SDKROOT = macosx;
			};
			name = Debug;
		};
/* End XCBuildConfiguration section */

/* Begin XCConfigurationList section */
		0BAD7924D3A39707A672356C /* Build configuration list for PBXProject "EasySleepAndShutdown" */ = {
			isa = XCConfigurationList;
			buildConfigurations = (
				3F1B0C934C758A0BE273893A /* Debug */,
				3A40C967E7B554312CAE729C /* Release */,
			);
			defaultConfigurationIsVisible = 0;
			defaultConfigurationName = Debug;
		};
		86AACDD4AEE357522AAF56C5 /* Build configuration list for PBXNativeTarget "EasySleepShutdown" */ = {
			isa = XCConfigurationList;
			buildConfigurations = (
				C890995F46DB31AD05BDCAEB /* Debug */,
				B67EEDBC3D3FB421EF4C5529 /* Release */,
			);
			defaultConfigurationIsVisible = 0;
			defaultConfigurationName = Debug;
		};
/* End XCConfigurationList section */
	};
	rootObject = 7EC03B6E0FD62B1E5CA764BC /* Project object */;
}
